{
  "requires": true,
  "lockfileVersion": 1,
  "dependencies": {
    "mobx": {
      "version": "5.1.0",
      "resolved": "https://registry.npmjs.org/mobx/-/mobx-5.1.0.tgz",
      "integrity": "sha512-cQzBmF2gbpcBR2xKwt5jZx0ncDMC9Hg5nYrp3Krv0qHH4GFqWZyR+ZLkRJRcvVF4rqxpy2G96Qbk5YzyQ8tdXw=="
    }
  }
}
